// !$*UTF8*$!
{
	archiveVersion = 1;
	classes = {
	};
	objectVersion = 77;
	objects = {

/* Begin PBXBuildFile section */
		01FD7A05D54D3BD0C5018A59 /* Services.swift in Sources */ = {isa = PBXBuildFile; fileRef = 9BBE20445D49D4AD19F7FBDD /* Services.swift */; };
		020A851425309F69EF29E8B8 /* DeliveryInstructionViews.swift in Sources */ = {isa = PBXBuildFile; fileRef = 0EEF47F9D60738E1B7F034E8 /* DeliveryInstructionViews.swift */; };
		05D3E912BBCDDD5249071205 /* Models.swift in Sources */ = {isa = PBXBuildFile; fileRef = C294C1E031F8E92F4B72882D /* Models.swift */; };
		07F425D3BFACDC91C6DB456C /* SearchViews.swift in Sources */ = {isa = PBXBuildFile; fileRef = 723F8986A4FA9A5F1D60A3A2 /* SearchViews.swift */; };
		0A5003ECC06E8155B02A7944 /* ShipmentManifestViews.swift in Sources */ = {isa = PBXBuildFile; fileRef = C6089D9A2399AD2D84048E51 /* ShipmentManifestViews.swift */; };
		111407DBC3A6AC2C0D3CC44C /* CostViews.swift in Sources */ = {isa = PBXBuildFile; fileRef = 3D2F8D74A6303191DB719411 /* CostViews.swift */; };
		13A61F2FD39FA92F418C95DA /* ExceptionPlaybookViews.swift in Sources */ = {isa = PBXBuildFile; fileRef = 066C38EC72A5DAD5C5DF392F /* ExceptionPlaybookViews.swift */; };
		145B03D460BF221A531479FB /* MVPSetupView.swift in Sources */ = {isa = PBXBuildFile; fileRef = FD3B5CF499A918F102549CDA /* MVPSetupView.swift */; };
		25DC031C259BA1AD363ABB34 /* CustodyViews.swift in Sources */ = {isa = PBXBuildFile; fileRef = 022E22C2294CB9B86F4654F0 /* CustodyViews.swift */; };
		289AC6946D6FE5077422F0C3 /* Repositories.swift in Sources */ = {isa = PBXBuildFile; fileRef = CF6E4AB0D91F13028C85CC39 /* Repositories.swift */; };
		38D4A3363E17870FF8D1E3D5 /* DispatchReadinessViews.swift in Sources */ = {isa = PBXBuildFile; fileRef = 299E154A43E3EF3BBC55411F /* DispatchReadinessViews.swift */; };
		38F9432EF8FB79070F02CA7F /* App.swift in Sources */ = {isa = PBXBuildFile; fileRef = B126E1E735231BE8314F5B87 /* App.swift */; };
		407F68F759C3A812C7B16C22 /* ContentView.swift in Sources */ = {isa = PBXBuildFile; fileRef = 6166B4A04869511E9FE15779 /* ContentView.swift */; };
		417E500D9E9431D7DF961355 /* ParcelOpsApp.swift in Sources */ = {isa = PBXBuildFile; fileRef = 691EA6953A8547DF595E322A /* ParcelOpsApp.swift */; };
		4872CD745E2A6ED59C36976A /* AccountsViews.swift in Sources */ = {isa = PBXBuildFile; fileRef = E4E6FBB2FD736F2842B97FB9 /* AccountsViews.swift */; };
		4AC03575AE7D40901391BBB0 /* ImportQueueViews.swift in Sources */ = {isa = PBXBuildFile; fileRef = 44B77EED4C77B2EA87964BC3 /* ImportQueueViews.swift */; };
		4C5BAD9E5208F55D8F529A60 /* AutomationViews.swift in Sources */ = {isa = PBXBuildFile; fileRef = B836E80ABE0108260C2E600B /* AutomationViews.swift */; };
		4C8384F2F99F0A67EE5290C4 /* MailboxReviewViews.swift in Sources */ = {isa = PBXBuildFile; fileRef = 4A332D658D93C22E31455EDE /* MailboxReviewViews.swift */; };
		4D7EA9C386C701B90612713F /* IntegrationsSettingsViews.swift in Sources */ = {isa = PBXBuildFile; fileRef = 980D07C345BAEE065C851FA2 /* IntegrationsSettingsViews.swift */; };
		55A859A36024281A3C6F37B7 /* DashboardViews.swift in Sources */ = {isa = PBXBuildFile; fileRef = 82F6A60AB18340948AA8FF22 /* DashboardViews.swift */; };
		5BD133CB4C048C821D91B3AD /* OrderViews.swift in Sources */ = {isa = PBXBuildFile; fileRef = 714FBCDEBC13145973570D0D /* OrderViews.swift */; };
		6720C349361C35DA73E3EA5B /* Assets.xcassets in Resources */ = {isa = PBXBuildFile; fileRef = B35131894477ED26462D829A /* Assets.xcassets */; };
		6E23A072EE0CA2CB61FA829E /* ProcurementViews.swift in Sources */ = {isa = PBXBuildFile; fileRef = 0C64BEDDC71A7C5453FDC86E /* ProcurementViews.swift */; };
		70256A1D222D8ADD287E63E0 /* VendorProfileViews.swift in Sources */ = {isa = PBXBuildFile; fileRef = 2EC3DAF12AE02E8CB0F29C96 /* VendorProfileViews.swift */; };
		71A99B094D4EBC94635E2E85 /* ParcelOpsWidgets.swift in Sources */ = {isa = PBXBuildFile; fileRef = 2B322651F5309B88596C34DF /* ParcelOpsWidgets.swift */; };
		76E7A7386AD6DF10FBCC3FB9 /* LabelReferenceViews.swift in Sources */ = {isa = PBXBuildFile; fileRef = 975415AD5835CD27D85B0C72 /* LabelReferenceViews.swift */; };
		793BE339912D07A3EF934A73 /* AuditViews.swift in Sources */ = {isa = PBXBuildFile; fileRef = CCFDC100E4D09EFA74EF440F /* AuditViews.swift */; };
		7AB1298E41A709272C915EF6 /* PackageContentViews.swift in Sources */ = {isa = PBXBuildFile; fileRef = 6862DCA976BE93D4AFAE8663 /* PackageContentViews.swift */; };
		8696FE9CE574168836A51DC5 /* EvidenceViews.swift in Sources */ = {isa = PBXBuildFile; fileRef = B6C0F49BA78416BBC6E40B41 /* EvidenceViews.swift */; };
		9309D7CACB5DBCC297E58E79 /* DestinationAddressViews.swift in Sources */ = {isa = PBXBuildFile; fileRef = 5070E49D90C5C090A79EA48A /* DestinationAddressViews.swift */; };
		97CFB6978471B3359E337980 /* WishlistViews.swift in Sources */ = {isa = PBXBuildFile; fileRef = 3B3B090BC5DCF3E7E976AE36 /* WishlistViews.swift */; };
		98C35ECB54BABD8531AFC4D9 /* ParcelOpsActivityAttributes.swift in Sources */ = {isa = PBXBuildFile; fileRef = 7A5E3DBDD1AE2F60DC9F7905 /* ParcelOpsActivityAttributes.swift */; };
		9A258F87A35D250D49653B5C /* TrackingViews.swift in Sources */ = {isa = PBXBuildFile; fileRef = 0D2096A18F88235246D192AB /* TrackingViews.swift */; };
		9E4432914A94BF3FC4BBDD36 /* AcceptanceReviewViews.swift in Sources */ = {isa = PBXBuildFile; fileRef = DAF3076BE8338448EDFD2C3D /* AcceptanceReviewViews.swift */; };
		A6B5C4D3E2F1012345678902 /* MSALMicrosoft365AuthAdapter.swift in Sources */ = {isa = PBXBuildFile; fileRef = A6B5C4D3E2F1012345678901 /* MSALMicrosoft365AuthAdapter.swift */; };
		A6B5C4D3E2F1012345678905 /* MSAL in Frameworks */ = {isa = PBXBuildFile; productRef = A6B5C4D3E2F1012345678904 /* MSAL */; };
		B7C8D9E0F1A2012345678902 /* GoogleGmailAuthAdapter.swift in Sources */ = {isa = PBXBuildFile; fileRef = B7C8D9E0F1A2012345678901 /* GoogleGmailAuthAdapter.swift */; };
		B7C8D9E0F1A2012345678905 /* GoogleSignIn in Frameworks */ = {isa = PBXBuildFile; productRef = B7C8D9E0F1A2012345678904 /* GoogleSignIn */; };
		A1A4593A0BA46C8E111B137D /* CommunicationViews.swift in Sources */ = {isa = PBXBuildFile; fileRef = D91EBD362A0621E5FC6CF3BF /* CommunicationViews.swift */; };
		A9BBF23BBF56CA7001687BFD /* ShipmentGroupViews.swift in Sources */ = {isa = PBXBuildFile; fileRef = 61FC42698189E40E0E00B958 /* ShipmentGroupViews.swift */; };
		B19610644621A4CB73F0B7B5 /* Assets.xcassets in Resources */ = {isa = PBXBuildFile; fileRef = A518D638621BEE2F1123A89C /* Assets.xcassets */; };
		B52230695356CE498F4C4371 /* SharedViews.swift in Sources */ = {isa = PBXBuildFile; fileRef = 8E1673F9D2A4AAB7BBFD5662 /* SharedViews.swift */; };
		C0F23CA1B244428118FA6D21 /* ValidationViews.swift in Sources */ = {isa = PBXBuildFile; fileRef = FB03E04EE9877117E89B2DEC /* ValidationViews.swift */; };
		C272B81890FB90DD5BB2493A /* TasksViews.swift in Sources */ = {isa = PBXBuildFile; fileRef = 085551AB9FCCC7F86AF41668 /* TasksViews.swift */; };
		C5704F0F428E5E8190046CFB /* SampleData.swift in Sources */ = {isa = PBXBuildFile; fileRef = 3188C1B96C11510976A0FA56 /* SampleData.swift */; };
		CFA7684757F5D0289CA35AFA /* OperatorHubViews.swift in Sources */ = {isa = PBXBuildFile; fileRef = 5776053ED5DCD32056445106 /* OperatorHubViews.swift */; };
		D8150475F4C6FA3D8F987127 /* StorageLocationViews.swift in Sources */ = {isa = PBXBuildFile; fileRef = F255E833C8D83405F1F68811 /* StorageLocationViews.swift */; };
		DAE7239984848CE91DB2AA99 /* ParcelOps Widget Extension.appex in Embed Foundation Extensions */ = {isa = PBXBuildFile; fileRef = CB1F5A8248E44B2F201E49CC /* ParcelOps Widget Extension.appex */; platformFilters = (ios, ); settings = {ATTRIBUTES = (RemoveHeadersOnCopy, ); }; };
		DD6E5C8C97CB124E859ED49A /* CustomerProfileViews.swift in Sources */ = {isa = PBXBuildFile; fileRef = 21CE4C0D73EFE6A4C77667E6 /* CustomerProfileViews.swift */; };
		E060980AFC6F9459D7D1B9E2 /* ContactsViews.swift in Sources */ = {isa = PBXBuildFile; fileRef = 3BFA5EEA942D1C8E375F1F8F /* ContactsViews.swift */; };
		E79CF578136295FA735A1AE9 /* TimelineViews.swift in Sources */ = {isa = PBXBuildFile; fileRef = FF611A7ECFF96B0BA513594A /* TimelineViews.swift */; };
		E82D8B7001DDA88C9F861078 /* ParcelOpsActivityAttributes.swift in Sources */ = {isa = PBXBuildFile; fileRef = 7A5E3DBDD1AE2F60DC9F7905 /* ParcelOpsActivityAttributes.swift */; };
		E9DC786F4529ADCE1AC02187 /* InventoryReceiptViews.swift in Sources */ = {isa = PBXBuildFile; fileRef = 2E44FEC12DD2C68C3F7F0470 /* InventoryReceiptViews.swift */; };
		EA2C1DE96602461907880361 /* ScanSessionViews.swift in Sources */ = {isa = PBXBuildFile; fileRef = F896286D2DCA3EA39BB16FAB /* ScanSessionViews.swift */; };
		ED6D5814A98B4C2623CDCB3E /* ReturnClaimViews.swift in Sources */ = {isa = PBXBuildFile; fileRef = 6A8013CC914AC8E15AE90522 /* ReturnClaimViews.swift */; };
		F0FC33BDB1782A53EACD7CBC /* OperationsWorkbenchViews.swift in Sources */ = {isa = PBXBuildFile; fileRef = 2B4A1864B6092510C25D93BC /* OperationsWorkbenchViews.swift */; };
		F44CEE20EA4A6F1465EFE7CC /* ReconciliationViews.swift in Sources */ = {isa = PBXBuildFile; fileRef = C7AB9F271170DD68B00CAD9C /* ReconciliationViews.swift */; };
		F8D1E0DF621DCE62C87B9310 /* SLAPolicyViews.swift in Sources */ = {isa = PBXBuildFile; fileRef = 52F2EAC70B830904E02C17BD /* SLAPolicyViews.swift */; };
		F8F86A180F81AA25A2F4E2D0 /* HandoffNoteViews.swift in Sources */ = {isa = PBXBuildFile; fileRef = 0D5A620540772B3F0294D350 /* HandoffNoteViews.swift */; };
		F9E7E170DF81833A4FB4E861 /* ReceivingInspectionViews.swift in Sources */ = {isa = PBXBuildFile; fileRef = 18B6C0767483893CFC0E1B0D /* ReceivingInspectionViews.swift */; };
		FBF47AE91636527A3BD26C2D /* ParcelOpsStore.swift in Sources */ = {isa = PBXBuildFile; fileRef = 326CED242CBA5310ECC264A5 /* ParcelOpsStore.swift */; };
/* End PBXBuildFile section */

/* Begin PBXContainerItemProxy section */
		3B6C4FF67925B18A0E03171F /* PBXContainerItemProxy */ = {
			isa = PBXContainerItemProxy;
			containerPortal = 11D16C109A2962BB5F389326 /* Project object */;
			proxyType = 1;
			remoteGlobalIDString = 6E26421399CF4A15ECFA2AD3;
			remoteInfo = "ParcelOps Widget Extension";
		};
/* End PBXContainerItemProxy section */

/* Begin PBXCopyFilesBuildPhase section */
		3428EDEAF9A0DD2F0E8B2761 /* Embed Foundation Extensions */ = {
			isa = PBXCopyFilesBuildPhase;
			buildActionMask = 2147483647;
			dstPath = "";
			dstSubfolderSpec = 13;
			files = (
				DAE7239984848CE91DB2AA99 /* ParcelOps Widget Extension.appex in Embed Foundation Extensions */,
			);
			name = "Embed Foundation Extensions";
			runOnlyForDeploymentPostprocessing = 0;
		};
/* End PBXCopyFilesBuildPhase section */

/* Begin PBXFileReference section */
		022E22C2294CB9B86F4654F0 /* CustodyViews.swift */ = {isa = PBXFileReference; lastKnownFileType = sourcecode.swift; path = CustodyViews.swift; sourceTree = "<group>"; };
		066C38EC72A5DAD5C5DF392F /* ExceptionPlaybookViews.swift */ = {isa = PBXFileReference; lastKnownFileType = sourcecode.swift; path = ExceptionPlaybookViews.swift; sourceTree = "<group>"; };
		085551AB9FCCC7F86AF41668 /* TasksViews.swift */ = {isa = PBXFileReference; lastKnownFileType = sourcecode.swift; path = TasksViews.swift; sourceTree = "<group>"; };
		0C64BEDDC71A7C5453FDC86E /* ProcurementViews.swift */ = {isa = PBXFileReference; lastKnownFileType = sourcecode.swift; path = ProcurementViews.swift; sourceTree = "<group>"; };
		0D2096A18F88235246D192AB /* TrackingViews.swift */ = {isa = PBXFileReference; lastKnownFileType = sourcecode.swift; path = TrackingViews.swift; sourceTree = "<group>"; };
		0D5A620540772B3F0294D350 /* HandoffNoteViews.swift */ = {isa = PBXFileReference; lastKnownFileType = sourcecode.swift; path = HandoffNoteViews.swift; sourceTree = "<group>"; };
		0EEF47F9D60738E1B7F034E8 /* DeliveryInstructionViews.swift */ = {isa = PBXFileReference; lastKnownFileType = sourcecode.swift; path = DeliveryInstructionViews.swift; sourceTree = "<group>"; };
		18B6C0767483893CFC0E1B0D /* ReceivingInspectionViews.swift */ = {isa = PBXFileReference; lastKnownFileType = sourcecode.swift; path = ReceivingInspectionViews.swift; sourceTree = "<group>"; };
		21CE4C0D73EFE6A4C77667E6 /* CustomerProfileViews.swift */ = {isa = PBXFileReference; lastKnownFileType = sourcecode.swift; path = CustomerProfileViews.swift; sourceTree = "<group>"; };
		299E154A43E3EF3BBC55411F /* DispatchReadinessViews.swift */ = {isa = PBXFileReference; lastKnownFileType = sourcecode.swift; path = DispatchReadinessViews.swift; sourceTree = "<group>"; };
		2B322651F5309B88596C34DF /* ParcelOpsWidgets.swift */ = {isa = PBXFileReference; lastKnownFileType = sourcecode.swift; path = ParcelOpsWidgets.swift; sourceTree = "<group>"; };
		2B4A1864B6092510C25D93BC /* OperationsWorkbenchViews.swift */ = {isa = PBXFileReference; lastKnownFileType = sourcecode.swift; path = OperationsWorkbenchViews.swift; sourceTree = "<group>"; };
		2E44FEC12DD2C68C3F7F0470 /* InventoryReceiptViews.swift */ = {isa = PBXFileReference; lastKnownFileType = sourcecode.swift; path = InventoryReceiptViews.swift; sourceTree = "<group>"; };
		2EC3DAF12AE02E8CB0F29C96 /* VendorProfileViews.swift */ = {isa = PBXFileReference; lastKnownFileType = sourcecode.swift; path = VendorProfileViews.swift; sourceTree = "<group>"; };
		3188C1B96C11510976A0FA56 /* SampleData.swift */ = {isa = PBXFileReference; lastKnownFileType = sourcecode.swift; path = SampleData.swift; sourceTree = "<group>"; };
		326CED242CBA5310ECC264A5 /* ParcelOpsStore.swift */ = {isa = PBXFileReference; lastKnownFileType = sourcecode.swift; path = ParcelOpsStore.swift; sourceTree = "<group>"; };
		3B3B090BC5DCF3E7E976AE36 /* WishlistViews.swift */ = {isa = PBXFileReference; lastKnownFileType = sourcecode.swift; path = WishlistViews.swift; sourceTree = "<group>"; };
		3BFA5EEA942D1C8E375F1F8F /* ContactsViews.swift */ = {isa = PBXFileReference; lastKnownFileType = sourcecode.swift; path = ContactsViews.swift; sourceTree = "<group>"; };
		3D2F8D74A6303191DB719411 /* CostViews.swift */ = {isa = PBXFileReference; lastKnownFileType = sourcecode.swift; path = CostViews.swift; sourceTree = "<group>"; };
		44B77EED4C77B2EA87964BC3 /* ImportQueueViews.swift */ = {isa = PBXFileReference; lastKnownFileType = sourcecode.swift; path = ImportQueueViews.swift; sourceTree = "<group>"; };
		4A332D658D93C22E31455EDE /* MailboxReviewViews.swift */ = {isa = PBXFileReference; lastKnownFileType = sourcecode.swift; path = MailboxReviewViews.swift; sourceTree = "<group>"; };
		5070E49D90C5C090A79EA48A /* DestinationAddressViews.swift */ = {isa = PBXFileReference; lastKnownFileType = sourcecode.swift; path = DestinationAddressViews.swift; sourceTree = "<group>"; };
		52F2EAC70B830904E02C17BD /* SLAPolicyViews.swift */ = {isa = PBXFileReference; lastKnownFileType = sourcecode.swift; path = SLAPolicyViews.swift; sourceTree = "<group>"; };
		5776053ED5DCD32056445106 /* OperatorHubViews.swift */ = {isa = PBXFileReference; lastKnownFileType = sourcecode.swift; path = OperatorHubViews.swift; sourceTree = "<group>"; };
		6166B4A04869511E9FE15779 /* ContentView.swift */ = {isa = PBXFileReference; lastKnownFileType = sourcecode.swift; path = ContentView.swift; sourceTree = "<group>"; };
		61FC42698189E40E0E00B958 /* ShipmentGroupViews.swift */ = {isa = PBXFileReference; lastKnownFileType = sourcecode.swift; path = ShipmentGroupViews.swift; sourceTree = "<group>"; };
		6862DCA976BE93D4AFAE8663 /* PackageContentViews.swift */ = {isa = PBXFileReference; lastKnownFileType = sourcecode.swift; path = PackageContentViews.swift; sourceTree = "<group>"; };
		691EA6953A8547DF595E322A /* ParcelOpsApp.swift */ = {isa = PBXFileReference; lastKnownFileType = sourcecode.swift; path = ParcelOpsApp.swift; sourceTree = "<group>"; };
		6A8013CC914AC8E15AE90522 /* ReturnClaimViews.swift */ = {isa = PBXFileReference; lastKnownFileType = sourcecode.swift; path = ReturnClaimViews.swift; sourceTree = "<group>"; };
		714FBCDEBC13145973570D0D /* OrderViews.swift */ = {isa = PBXFileReference; lastKnownFileType = sourcecode.swift; path = OrderViews.swift; sourceTree = "<group>"; };
		723F8986A4FA9A5F1D60A3A2 /* SearchViews.swift */ = {isa = PBXFileReference; lastKnownFileType = sourcecode.swift; path = SearchViews.swift; sourceTree = "<group>"; };
		7A5E3DBDD1AE2F60DC9F7905 /* ParcelOpsActivityAttributes.swift */ = {isa = PBXFileReference; lastKnownFileType = sourcecode.swift; path = ParcelOpsActivityAttributes.swift; sourceTree = "<group>"; };
		82F6A60AB18340948AA8FF22 /* DashboardViews.swift */ = {isa = PBXFileReference; lastKnownFileType = sourcecode.swift; path = DashboardViews.swift; sourceTree = "<group>"; };
		8B919FEB425C4E95C8E54260 /* Info.plist */ = {isa = PBXFileReference; lastKnownFileType = text.plist; path = Info.plist; sourceTree = "<group>"; };
		8E1673F9D2A4AAB7BBFD5662 /* SharedViews.swift */ = {isa = PBXFileReference; lastKnownFileType = sourcecode.swift; path = SharedViews.swift; sourceTree = "<group>"; };
		975415AD5835CD27D85B0C72 /* LabelReferenceViews.swift */ = {isa = PBXFileReference; lastKnownFileType = sourcecode.swift; path = LabelReferenceViews.swift; sourceTree = "<group>"; };
		980D07C345BAEE065C851FA2 /* IntegrationsSettingsViews.swift */ = {isa = PBXFileReference; lastKnownFileType = sourcecode.swift; path = IntegrationsSettingsViews.swift; sourceTree = "<group>"; };
		9BBE20445D49D4AD19F7FBDD /* Services.swift */ = {isa = PBXFileReference; lastKnownFileType = sourcecode.swift; path = Services.swift; sourceTree = "<group>"; };
		A6B5C4D3E2F1012345678901 /* MSALMicrosoft365AuthAdapter.swift */ = {isa = PBXFileReference; lastKnownFileType = sourcecode.swift; path = MSALMicrosoft365AuthAdapter.swift; sourceTree = "<group>"; };
		B7C8D9E0F1A2012345678901 /* GoogleGmailAuthAdapter.swift */ = {isa = PBXFileReference; lastKnownFileType = sourcecode.swift; path = GoogleGmailAuthAdapter.swift; sourceTree = "<group>"; };
		A518D638621BEE2F1123A89C /* Assets.xcassets */ = {isa = PBXFileReference; lastKnownFileType = folder.assetcatalog; path = Assets.xcassets; sourceTree = "<group>"; };
		B126E1E735231BE8314F5B87 /* App.swift */ = {isa = PBXFileReference; lastKnownFileType = sourcecode.swift; path = App.swift; sourceTree = "<group>"; };
		B35131894477ED26462D829A /* Assets.xcassets */ = {isa = PBXFileReference; lastKnownFileType = folder.assetcatalog; path = Assets.xcassets; sourceTree = "<group>"; };
		B6C0F49BA78416BBC6E40B41 /* EvidenceViews.swift */ = {isa = PBXFileReference; lastKnownFileType = sourcecode.swift; path = EvidenceViews.swift; sourceTree = "<group>"; };
		B836E80ABE0108260C2E600B /* AutomationViews.swift */ = {isa = PBXFileReference; lastKnownFileType = sourcecode.swift; path = AutomationViews.swift; sourceTree = "<group>"; };
		C294C1E031F8E92F4B72882D /* Models.swift */ = {isa = PBXFileReference; lastKnownFileType = sourcecode.swift; path = Models.swift; sourceTree = "<group>"; };
		C507D85BF101AE2844CD3CDB /* ParcelOps Watch.app */ = {isa = PBXFileReference; explicitFileType = wrapper.application; includeInIndex = 0; path = "ParcelOps Watch.app"; sourceTree = BUILT_PRODUCTS_DIR; };
		C6089D9A2399AD2D84048E51 /* ShipmentManifestViews.swift */ = {isa = PBXFileReference; lastKnownFileType = sourcecode.swift; path = ShipmentManifestViews.swift; sourceTree = "<group>"; };
		C7AB9F271170DD68B00CAD9C /* ReconciliationViews.swift */ = {isa = PBXFileReference; lastKnownFileType = sourcecode.swift; path = ReconciliationViews.swift; sourceTree = "<group>"; };
		CAF3A15F042E2C123A948632 /* ParcelOps.app */ = {isa = PBXFileReference; includeInIndex = 0; lastKnownFileType = wrapper.application; path = ParcelOps.app; sourceTree = BUILT_PRODUCTS_DIR; };
		CB1F5A8248E44B2F201E49CC /* ParcelOps Widget Extension.appex */ = {isa = PBXFileReference; includeInIndex = 0; lastKnownFileType = "wrapper.app-extension"; path = "ParcelOps Widget Extension.appex"; sourceTree = BUILT_PRODUCTS_DIR; };
		CCFDC100E4D09EFA74EF440F /* AuditViews.swift */ = {isa = PBXFileReference; lastKnownFileType = sourcecode.swift; path = AuditViews.swift; sourceTree = "<group>"; };
		CF6E4AB0D91F13028C85CC39 /* Repositories.swift */ = {isa = PBXFileReference; lastKnownFileType = sourcecode.swift; path = Repositories.swift; sourceTree = "<group>"; };
		D91EBD362A0621E5FC6CF3BF /* CommunicationViews.swift */ = {isa = PBXFileReference; lastKnownFileType = sourcecode.swift; path = CommunicationViews.swift; sourceTree = "<group>"; };
		DAF3076BE8338448EDFD2C3D /* AcceptanceReviewViews.swift */ = {isa = PBXFileReference; lastKnownFileType = sourcecode.swift; path = AcceptanceReviewViews.swift; sourceTree = "<group>"; };
		E4E6FBB2FD736F2842B97FB9 /* AccountsViews.swift */ = {isa = PBXFileReference; lastKnownFileType = sourcecode.swift; path = AccountsViews.swift; sourceTree = "<group>"; };
		EBA261A8A4AE2D79333F1E80 /* Info.plist */ = {isa = PBXFileReference; lastKnownFileType = text.plist; path = Info.plist; sourceTree = "<group>"; };
		F255E833C8D83405F1F68811 /* StorageLocationViews.swift */ = {isa = PBXFileReference; lastKnownFileType = sourcecode.swift; path = StorageLocationViews.swift; sourceTree = "<group>"; };
		F896286D2DCA3EA39BB16FAB /* ScanSessionViews.swift */ = {isa = PBXFileReference; lastKnownFileType = sourcecode.swift; path = ScanSessionViews.swift; sourceTree = "<group>"; };
		FB03E04EE9877117E89B2DEC /* ValidationViews.swift */ = {isa = PBXFileReference; lastKnownFileType = sourcecode.swift; path = ValidationViews.swift; sourceTree = "<group>"; };
		FD3B5CF499A918F102549CDA /* MVPSetupView.swift */ = {isa = PBXFileReference; lastKnownFileType = sourcecode.swift; path = MVPSetupView.swift; sourceTree = "<group>"; };
		FF611A7ECFF96B0BA513594A /* TimelineViews.swift */ = {isa = PBXFileReference; lastKnownFileType = sourcecode.swift; path = TimelineViews.swift; sourceTree = "<group>"; };
/* End PBXFileReference section */

/* Begin PBXFrameworksBuildPhase section */
		A6B5C4D3E2F1012345678906 /* Frameworks */ = {
			isa = PBXFrameworksBuildPhase;
			buildActionMask = 2147483647;
			files = (
				A6B5C4D3E2F1012345678905 /* MSAL in Frameworks */,
				B7C8D9E0F1A2012345678905 /* GoogleSignIn in Frameworks */,
			);
			runOnlyForDeploymentPostprocessing = 0;
		};
/* End PBXFrameworksBuildPhase section */

/* Begin PBXGroup section */
		231887813CF530BED2C2A913 /* Watch */ = {
			isa = PBXGroup;
			children = (
				B126E1E735231BE8314F5B87 /* App.swift */,
				B35131894477ED26462D829A /* Assets.xcassets */,
				6166B4A04869511E9FE15779 /* ContentView.swift */,
				8B919FEB425C4E95C8E54260 /* Info.plist */,
			);
			path = Watch;
			sourceTree = "<group>";
		};
		26FAEC6509BE9A75EACC4C16 = {
			isa = PBXGroup;
			children = (
				B960480CEAB3A43647FB4450 /* App */,
				B2382205A2FE79E08D580F84 /* Shared */,
				D801FA819D88AC32030801C2 /* Sources */,
				231887813CF530BED2C2A913 /* Watch */,
				A7E4C76963355E71323C4E57 /* Widget Extension */,
				28B4921062D8B256ECDD1F41 /* Products */,
			);
			sourceTree = "<group>";
		};
		28B4921062D8B256ECDD1F41 /* Products */ = {
			isa = PBXGroup;
			children = (
				C507D85BF101AE2844CD3CDB /* ParcelOps Watch.app */,
				CB1F5A8248E44B2F201E49CC /* ParcelOps Widget Extension.appex */,
				CAF3A15F042E2C123A948632 /* ParcelOps.app */,
			);
			name = Products;
			sourceTree = "<group>";
		};
		A7E4C76963355E71323C4E57 /* Widget Extension */ = {
			isa = PBXGroup;
			children = (
				EBA261A8A4AE2D79333F1E80 /* Info.plist */,
				2B322651F5309B88596C34DF /* ParcelOpsWidgets.swift */,
			);
			path = "Widget Extension";
			sourceTree = "<group>";
		};
		B2382205A2FE79E08D580F84 /* Shared */ = {
			isa = PBXGroup;
			children = (
				7A5E3DBDD1AE2F60DC9F7905 /* ParcelOpsActivityAttributes.swift */,
			);
			path = Shared;
			sourceTree = "<group>";
		};
		B960480CEAB3A43647FB4450 /* App */ = {
			isa = PBXGroup;
			children = (
				A518D638621BEE2F1123A89C /* Assets.xcassets */,
			);
			path = App;
			sourceTree = "<group>";
		};
		D801FA819D88AC32030801C2 /* Sources */ = {
			isa = PBXGroup;
			children = (
				DAF3076BE8338448EDFD2C3D /* AcceptanceReviewViews.swift */,
				E4E6FBB2FD736F2842B97FB9 /* AccountsViews.swift */,
				CCFDC100E4D09EFA74EF440F /* AuditViews.swift */,
				B836E80ABE0108260C2E600B /* AutomationViews.swift */,
				D91EBD362A0621E5FC6CF3BF /* CommunicationViews.swift */,
				3BFA5EEA942D1C8E375F1F8F /* ContactsViews.swift */,
				3D2F8D74A6303191DB719411 /* CostViews.swift */,
				022E22C2294CB9B86F4654F0 /* CustodyViews.swift */,
				21CE4C0D73EFE6A4C77667E6 /* CustomerProfileViews.swift */,
				82F6A60AB18340948AA8FF22 /* DashboardViews.swift */,
				0EEF47F9D60738E1B7F034E8 /* DeliveryInstructionViews.swift */,
				5070E49D90C5C090A79EA48A /* DestinationAddressViews.swift */,
				299E154A43E3EF3BBC55411F /* DispatchReadinessViews.swift */,
				B6C0F49BA78416BBC6E40B41 /* EvidenceViews.swift */,
				066C38EC72A5DAD5C5DF392F /* ExceptionPlaybookViews.swift */,
				B7C8D9E0F1A2012345678901 /* GoogleGmailAuthAdapter.swift */,
				0D5A620540772B3F0294D350 /* HandoffNoteViews.swift */,
				44B77EED4C77B2EA87964BC3 /* ImportQueueViews.swift */,
				980D07C345BAEE065C851FA2 /* IntegrationsSettingsViews.swift */,
				2E44FEC12DD2C68C3F7F0470 /* InventoryReceiptViews.swift */,
				975415AD5835CD27D85B0C72 /* LabelReferenceViews.swift */,
				4A332D658D93C22E31455EDE /* MailboxReviewViews.swift */,
				C294C1E031F8E92F4B72882D /* Models.swift */,
				A6B5C4D3E2F1012345678901 /* MSALMicrosoft365AuthAdapter.swift */,
				FD3B5CF499A918F102549CDA /* MVPSetupView.swift */,
				2B4A1864B6092510C25D93BC /* OperationsWorkbenchViews.swift */,
				5776053ED5DCD32056445106 /* OperatorHubViews.swift */,
				714FBCDEBC13145973570D0D /* OrderViews.swift */,
				6862DCA976BE93D4AFAE8663 /* PackageContentViews.swift */,
				691EA6953A8547DF595E322A /* ParcelOpsApp.swift */,
				326CED242CBA5310ECC264A5 /* ParcelOpsStore.swift */,
				0C64BEDDC71A7C5453FDC86E /* ProcurementViews.swift */,
				18B6C0767483893CFC0E1B0D /* ReceivingInspectionViews.swift */,
				C7AB9F271170DD68B00CAD9C /* ReconciliationViews.swift */,
				CF6E4AB0D91F13028C85CC39 /* Repositories.swift */,
				6A8013CC914AC8E15AE90522 /* ReturnClaimViews.swift */,
				3188C1B96C11510976A0FA56 /* SampleData.swift */,
				F896286D2DCA3EA39BB16FAB /* ScanSessionViews.swift */,
				723F8986A4FA9A5F1D60A3A2 /* SearchViews.swift */,
				9BBE20445D49D4AD19F7FBDD /* Services.swift */,
				8E1673F9D2A4AAB7BBFD5662 /* SharedViews.swift */,
				61FC42698189E40E0E00B958 /* ShipmentGroupViews.swift */,
				C6089D9A2399AD2D84048E51 /* ShipmentManifestViews.swift */,
				52F2EAC70B830904E02C17BD /* SLAPolicyViews.swift */,
				F255E833C8D83405F1F68811 /* StorageLocationViews.swift */,
				085551AB9FCCC7F86AF41668 /* TasksViews.swift */,
				FF611A7ECFF96B0BA513594A /* TimelineViews.swift */,
				0D2096A18F88235246D192AB /* TrackingViews.swift */,
				FB03E04EE9877117E89B2DEC /* ValidationViews.swift */,
				2EC3DAF12AE02E8CB0F29C96 /* VendorProfileViews.swift */,
				3B3B090BC5DCF3E7E976AE36 /* WishlistViews.swift */,
			);
			path = Sources;
			sourceTree = "<group>";
		};
/* End PBXGroup section */

/* Begin PBXNativeTarget section */
		5B50CBC18835C5D2E2B938FC /* ParcelOps */ = {
			isa = PBXNativeTarget;
			buildConfigurationList = F2CC2D89B4FB9BB00A090FCE /* Build configuration list for PBXNativeTarget "ParcelOps" */;
			buildPhases = (
				75B63BF68CFAC82657F22A37 /* Sources */,
				A6B5C4D3E2F1012345678906 /* Frameworks */,
				06439D0BD4DE9D59A0E1FE75 /* Resources */,
				3428EDEAF9A0DD2F0E8B2761 /* Embed Foundation Extensions */,
			);
			buildRules = (
			);
			dependencies = (
				4333B56F74FB8CEE379E1B65 /* PBXTargetDependency */,
			);
			name = ParcelOps;
			packageProductDependencies = (
				A6B5C4D3E2F1012345678904 /* MSAL */,
				B7C8D9E0F1A2012345678904 /* GoogleSignIn */,
			);
			productName = ParcelOps;
			productReference = CAF3A15F042E2C123A948632 /* ParcelOps.app */;
			productType = "com.apple.product-type.application";
		};
		6E26421399CF4A15ECFA2AD3 /* ParcelOps Widget Extension */ = {
			isa = PBXNativeTarget;
			buildConfigurationList = F9F5672FADB02A24CAB184A8 /* Build configuration list for PBXNativeTarget "ParcelOps Widget Extension" */;
			buildPhases = (
				48AA95EBEED8E4FEEF7BD404 /* Sources */,
			);
			buildRules = (
			);
			dependencies = (
			);
			name = "ParcelOps Widget Extension";
			packageProductDependencies = (
			);
			productName = "ParcelOps Widget Extension";
			productReference = CB1F5A8248E44B2F201E49CC /* ParcelOps Widget Extension.appex */;
			productType = "com.apple.product-type.app-extension";
		};
		824BAD0248C1DF5A7CD502AC /* ParcelOps Watch */ = {
			isa = PBXNativeTarget;
			buildConfigurationList = EF07471202C54C2DBCFE2648 /* Build configuration list for PBXNativeTarget "ParcelOps Watch" */;
			buildPhases = (
				5C43A73742FDCA7DC540E608 /* Sources */,
				B2D666ACDCF45385036CEAE5 /* Resources */,
			);
			buildRules = (
			);
			dependencies = (
			);
			name = "ParcelOps Watch";
			packageProductDependencies = (
			);
			productName = "ParcelOps Watch";
			productReference = C507D85BF101AE2844CD3CDB /* ParcelOps Watch.app */;
			productType = "com.apple.product-type.application";
		};
/* End PBXNativeTarget section */

/* Begin PBXProject section */
		11D16C109A2962BB5F389326 /* Project object */ = {
			isa = PBXProject;
			attributes = {
				BuildIndependentTargetsInParallel = YES;
				LastUpgradeCheck = 1430;
				TargetAttributes = {
				};
			};
			buildConfigurationList = AA1890A89201244A41BD5A05 /* Build configuration list for PBXProject "ParcelOps" */;
			developmentRegion = en;
			hasScannedForEncodings = 0;
			knownRegions = (
				Base,
				en,
			);
			mainGroup = 26FAEC6509BE9A75EACC4C16;
			minimizedProjectReferenceProxies = 1;
			preferredProjectObjectVersion = 77;
			packageReferences = (
				A6B5C4D3E2F1012345678903 /* XCRemoteSwiftPackageReference "microsoft-authentication-library-for-objc" */,
				B7C8D9E0F1A2012345678903 /* XCRemoteSwiftPackageReference "GoogleSignIn-iOS" */,
			);
			productRefGroup = 28B4921062D8B256ECDD1F41 /* Products */;
			projectDirPath = "";
			projectRoot = "";
			targets = (
				5B50CBC18835C5D2E2B938FC /* ParcelOps */,
				824BAD0248C1DF5A7CD502AC /* ParcelOps Watch */,
				6E26421399CF4A15ECFA2AD3 /* ParcelOps Widget Extension */,
			);
		};
/* End PBXProject section */

/* Begin PBXResourcesBuildPhase section */
		06439D0BD4DE9D59A0E1FE75 /* Resources */ = {
			isa = PBXResourcesBuildPhase;
			buildActionMask = 2147483647;
			files = (
				B19610644621A4CB73F0B7B5 /* Assets.xcassets in Resources */,
			);
			runOnlyForDeploymentPostprocessing = 0;
		};
		B2D666ACDCF45385036CEAE5 /* Resources */ = {
			isa = PBXResourcesBuildPhase;
			buildActionMask = 2147483647;
			files = (
				6720C349361C35DA73E3EA5B /* Assets.xcassets in Resources */,
			);
			runOnlyForDeploymentPostprocessing = 0;
		};
/* End PBXResourcesBuildPhase section */

/* Begin PBXSourcesBuildPhase section */
		48AA95EBEED8E4FEEF7BD404 /* Sources */ = {
			isa = PBXSourcesBuildPhase;
			buildActionMask = 2147483647;
			files = (
				98C35ECB54BABD8531AFC4D9 /* ParcelOpsActivityAttributes.swift in Sources */,
				71A99B094D4EBC94635E2E85 /* ParcelOpsWidgets.swift in Sources */,
			);
			runOnlyForDeploymentPostprocessing = 0;
		};
		5C43A73742FDCA7DC540E608 /* Sources */ = {
			isa = PBXSourcesBuildPhase;
			buildActionMask = 2147483647;
			files = (
				38F9432EF8FB79070F02CA7F /* App.swift in Sources */,
				407F68F759C3A812C7B16C22 /* ContentView.swift in Sources */,
			);
			runOnlyForDeploymentPostprocessing = 0;
		};
		75B63BF68CFAC82657F22A37 /* Sources */ = {
			isa = PBXSourcesBuildPhase;
			buildActionMask = 2147483647;
			files = (
				9E4432914A94BF3FC4BBDD36 /* AcceptanceReviewViews.swift in Sources */,
				4872CD745E2A6ED59C36976A /* AccountsViews.swift in Sources */,
				793BE339912D07A3EF934A73 /* AuditViews.swift in Sources */,
				4C5BAD9E5208F55D8F529A60 /* AutomationViews.swift in Sources */,
				A1A4593A0BA46C8E111B137D /* CommunicationViews.swift in Sources */,
				E060980AFC6F9459D7D1B9E2 /* ContactsViews.swift in Sources */,
				111407DBC3A6AC2C0D3CC44C /* CostViews.swift in Sources */,
				25DC031C259BA1AD363ABB34 /* CustodyViews.swift in Sources */,
				DD6E5C8C97CB124E859ED49A /* CustomerProfileViews.swift in Sources */,
				55A859A36024281A3C6F37B7 /* DashboardViews.swift in Sources */,
				020A851425309F69EF29E8B8 /* DeliveryInstructionViews.swift in Sources */,
				9309D7CACB5DBCC297E58E79 /* DestinationAddressViews.swift in Sources */,
				38D4A3363E17870FF8D1E3D5 /* DispatchReadinessViews.swift in Sources */,
				8696FE9CE574168836A51DC5 /* EvidenceViews.swift in Sources */,
				13A61F2FD39FA92F418C95DA /* ExceptionPlaybookViews.swift in Sources */,
				B7C8D9E0F1A2012345678902 /* GoogleGmailAuthAdapter.swift in Sources */,
				F8F86A180F81AA25A2F4E2D0 /* HandoffNoteViews.swift in Sources */,
				4AC03575AE7D40901391BBB0 /* ImportQueueViews.swift in Sources */,
				4D7EA9C386C701B90612713F /* IntegrationsSettingsViews.swift in Sources */,
				E9DC786F4529ADCE1AC02187 /* InventoryReceiptViews.swift in Sources */,
				76E7A7386AD6DF10FBCC3FB9 /* LabelReferenceViews.swift in Sources */,
				145B03D460BF221A531479FB /* MVPSetupView.swift in Sources */,
				4C8384F2F99F0A67EE5290C4 /* MailboxReviewViews.swift in Sources */,
				05D3E912BBCDDD5249071205 /* Models.swift in Sources */,
				A6B5C4D3E2F1012345678902 /* MSALMicrosoft365AuthAdapter.swift in Sources */,
				F0FC33BDB1782A53EACD7CBC /* OperationsWorkbenchViews.swift in Sources */,
				CFA7684757F5D0289CA35AFA /* OperatorHubViews.swift in Sources */,
				5BD133CB4C048C821D91B3AD /* OrderViews.swift in Sources */,
				7AB1298E41A709272C915EF6 /* PackageContentViews.swift in Sources */,
				E82D8B7001DDA88C9F861078 /* ParcelOpsActivityAttributes.swift in Sources */,
				417E500D9E9431D7DF961355 /* ParcelOpsApp.swift in Sources */,
				FBF47AE91636527A3BD26C2D /* ParcelOpsStore.swift in Sources */,
				6E23A072EE0CA2CB61FA829E /* ProcurementViews.swift in Sources */,
				F9E7E170DF81833A4FB4E861 /* ReceivingInspectionViews.swift in Sources */,
				F44CEE20EA4A6F1465EFE7CC /* ReconciliationViews.swift in Sources */,
				289AC6946D6FE5077422F0C3 /* Repositories.swift in Sources */,
				ED6D5814A98B4C2623CDCB3E /* ReturnClaimViews.swift in Sources */,
				F8D1E0DF621DCE62C87B9310 /* SLAPolicyViews.swift in Sources */,
				C5704F0F428E5E8190046CFB /* SampleData.swift in Sources */,
				EA2C1DE96602461907880361 /* ScanSessionViews.swift in Sources */,
				07F425D3BFACDC91C6DB456C /* SearchViews.swift in Sources */,
				01FD7A05D54D3BD0C5018A59 /* Services.swift in Sources */,
				B52230695356CE498F4C4371 /* SharedViews.swift in Sources */,
				A9BBF23BBF56CA7001687BFD /* ShipmentGroupViews.swift in Sources */,
				0A5003ECC06E8155B02A7944 /* ShipmentManifestViews.swift in Sources */,
				D8150475F4C6FA3D8F987127 /* StorageLocationViews.swift in Sources */,
				C272B81890FB90DD5BB2493A /* TasksViews.swift in Sources */,
				E79CF578136295FA735A1AE9 /* TimelineViews.swift in Sources */,
				9A258F87A35D250D49653B5C /* TrackingViews.swift in Sources */,
				C0F23CA1B244428118FA6D21 /* ValidationViews.swift in Sources */,
				70256A1D222D8ADD287E63E0 /* VendorProfileViews.swift in Sources */,
				97CFB6978471B3359E337980 /* WishlistViews.swift in Sources */,
			);
			runOnlyForDeploymentPostprocessing = 0;
		};
/* End PBXSourcesBuildPhase section */

/* Begin PBXTargetDependency section */
		4333B56F74FB8CEE379E1B65 /* PBXTargetDependency */ = {
			isa = PBXTargetDependency;
			platformFilters = (
				ios,
			);
			target = 6E26421399CF4A15ECFA2AD3 /* ParcelOps Widget Extension */;
			targetProxy = 3B6C4FF67925B18A0E03171F /* PBXContainerItemProxy */;
		};
/* End PBXTargetDependency section */

/* Begin XCBuildConfiguration section */
		0DCB03AC6A041AA63F669BC5 /* Release */ = {
			isa = XCBuildConfiguration;
			buildSettings = {
				ASSETCATALOG_COMPILER_APPICON_NAME = AppIcon;
				ASSETCATALOG_COMPILER_GLOBAL_ACCENT_COLOR_NAME = AccentColor;
				CODE_SIGN_ENTITLEMENTS = App/App.entitlements;
				CODE_SIGN_IDENTITY = "iPhone Developer";
				INFOPLIST_FILE = App/Info.plist;
				LD_RUNPATH_SEARCH_PATHS = (
					"$(inherited)",
					"@executable_path/Frameworks",
				);
				PRODUCT_BUNDLE_IDENTIFIER = app.bitrig.parcelops;
				SDKROOT = auto;
				SUPPORTED_PLATFORMS = "iphoneos iphonesimulator macosx";
				SUPPORTS_MACCATALYST = NO;
				SUPPORTS_MAC_DESIGNED_FOR_IPHONE_IPAD = NO;
				SUPPORTS_XR_DESIGNED_FOR_IPHONE_IPAD = YES;
				TARGETED_DEVICE_FAMILY = "1,2";
			};
			name = Release;
		};
		212194B14F60CEBA724FD31D /* Debug */ = {
			isa = XCBuildConfiguration;
			buildSettings = {
				ALWAYS_SEARCH_USER_PATHS = NO;
				CLANG_ANALYZER_NONNULL = YES;
				CLANG_ANALYZER_NUMBER_OBJECT_CONVERSION = YES_AGGRESSIVE;
				CLANG_CXX_LANGUAGE_STANDARD = "gnu++14";
				CLANG_CXX_LIBRARY = "libc++";
				CLANG_ENABLE_MODULES = YES;
				CLANG_ENABLE_OBJC_ARC = YES;
				CLANG_ENABLE_OBJC_WEAK = YES;
				CLANG_WARN_BLOCK_CAPTURE_AUTORELEASING = YES;
				CLANG_WARN_BOOL_CONVERSION = YES;
				CLANG_WARN_COMMA = YES;
				CLANG_WARN_CONSTANT_CONVERSION = YES;
				CLANG_WARN_DEPRECATED_OBJC_IMPLEMENTATIONS = YES;
				CLANG_WARN_DIRECT_OBJC_ISA_USAGE = YES_ERROR;
				CLANG_WARN_DOCUMENTATION_COMMENTS = YES;
				CLANG_WARN_EMPTY_BODY = YES;
				CLANG_WARN_ENUM_CONVERSION = YES;
				CLANG_WARN_INFINITE_RECURSION = YES;
				CLANG_WARN_INT_CONVERSION = YES;
				CLANG_WARN_NON_LITERAL_NULL_CONVERSION = YES;
				CLANG_WARN_OBJC_IMPLICIT_RETAIN_SELF = YES;
				CLANG_WARN_OBJC_LITERAL_CONVERSION = YES;
				CLANG_WARN_OBJC_ROOT_CLASS = YES_ERROR;
				CLANG_WARN_QUOTED_INCLUDE_IN_FRAMEWORK_HEADER = YES;
				CLANG_WARN_RANGE_LOOP_ANALYSIS = YES;
				CLANG_WARN_STRICT_PROTOTYPES = YES;
				CLANG_WARN_SUSPICIOUS_MOVE = YES;
				CLANG_WARN_UNGUARDED_AVAILABILITY = YES_AGGRESSIVE;
				CLANG_WARN_UNREACHABLE_CODE = YES;
				CLANG_WARN__DUPLICATE_METHOD_MATCH = YES;
				COPY_PHASE_STRIP = NO;
				DEBUG_INFORMATION_FORMAT = dwarf;
				ENABLE_STRICT_OBJC_MSGSEND = YES;
				ENABLE_TESTABILITY = YES;
				GCC_C_LANGUAGE_STANDARD = gnu11;
				GCC_DYNAMIC_NO_PIC = NO;
				GCC_NO_COMMON_BLOCKS = YES;
				GCC_OPTIMIZATION_LEVEL = 0;
				GCC_PREPROCESSOR_DEFINITIONS = (
					"$(inherited)",
					"DEBUG=1",
				);
				GCC_WARN_64_TO_32_BIT_CONVERSION = YES;
				GCC_WARN_ABOUT_RETURN_TYPE = YES_ERROR;
				GCC_WARN_UNDECLARED_SELECTOR = YES;
				GCC_WARN_UNINITIALIZED_AUTOS = YES_AGGRESSIVE;
				GCC_WARN_UNUSED_FUNCTION = YES;
				GCC_WARN_UNUSED_VARIABLE = YES;
				IPHONEOS_DEPLOYMENT_TARGET = 18.0;
				MACOSX_DEPLOYMENT_TARGET = 15.0;
				MTL_ENABLE_DEBUG_INFO = INCLUDE_SOURCE;
				MTL_FAST_MATH = YES;
				ONLY_ACTIVE_ARCH = YES;
				PRODUCT_NAME = "$(TARGET_NAME)";
				SWIFT_ACTIVE_COMPILATION_CONDITIONS = DEBUG;
				SWIFT_OPTIMIZATION_LEVEL = "-Onone";
				SWIFT_VERSION = 5.0;
				WATCHOS_DEPLOYMENT_TARGET = 11.0;
			};
			name = Debug;
		};
		2C251D558DE3EC309252137C /* Release */ = {
			isa = XCBuildConfiguration;
			buildSettings = {
				INFOPLIST_FILE = "Widget Extension/Info.plist";
				LD_RUNPATH_SEARCH_PATHS = (
					"$(inherited)",
					"@executable_path/Frameworks",
					"@executable_path/../../Frameworks",
				);
				PRODUCT_BUNDLE_IDENTIFIER = "app.bitrig.parcelops.widget-extension";
				SDKROOT = iphoneos;
				TARGETED_DEVICE_FAMILY = "1,2";
			};
			name = Release;
		};
		3C87E5DBC99091CF005E2151 /* Release */ = {
			isa = XCBuildConfiguration;
			buildSettings = {
				ASSETCATALOG_COMPILER_APPICON_NAME = AppIcon;
				INFOPLIST_FILE = Watch/Info.plist;
				PRODUCT_BUNDLE_IDENTIFIER = app.bitrig.parcelops.watch;
				SDKROOT = watchos;
				SKIP_INSTALL = YES;
				TARGETED_DEVICE_FAMILY = 4;
			};
			name = Release;
		};
		81FE028D2DB43A99FEF5195A /* Debug */ = {
			isa = XCBuildConfiguration;
			buildSettings = {
				ASSETCATALOG_COMPILER_APPICON_NAME = AppIcon;
				INFOPLIST_FILE = Watch/Info.plist;
				PRODUCT_BUNDLE_IDENTIFIER = app.bitrig.parcelops.watch;
				SDKROOT = watchos;
				SKIP_INSTALL = YES;
				TARGETED_DEVICE_FAMILY = 4;
			};
			name = Debug;
		};
		8B01807DF480BE4334E97130 /* Release */ = {
			isa = XCBuildConfiguration;
			buildSettings = {
				ALWAYS_SEARCH_USER_PATHS = NO;
				CLANG_ANALYZER_NONNULL = YES;
				CLANG_ANALYZER_NUMBER_OBJECT_CONVERSION = YES_AGGRESSIVE;
				CLANG_CXX_LANGUAGE_STANDARD = "gnu++14";
				CLANG_CXX_LIBRARY = "libc++";
				CLANG_ENABLE_MODULES = YES;
				CLANG_ENABLE_OBJC_ARC = YES;
				CLANG_ENABLE_OBJC_WEAK = YES;
				CLANG_WARN_BLOCK_CAPTURE_AUTORELEASING = YES;
				CLANG_WARN_BOOL_CONVERSION = YES;
				CLANG_WARN_COMMA = YES;
				CLANG_WARN_CONSTANT_CONVERSION = YES;
				CLANG_WARN_DEPRECATED_OBJC_IMPLEMENTATIONS = YES;
				CLANG_WARN_DIRECT_OBJC_ISA_USAGE = YES_ERROR;
				CLANG_WARN_DOCUMENTATION_COMMENTS = YES;
				CLANG_WARN_EMPTY_BODY = YES;
				CLANG_WARN_ENUM_CONVERSION = YES;
				CLANG_WARN_INFINITE_RECURSION = YES;
				CLANG_WARN_INT_CONVERSION = YES;
				CLANG_WARN_NON_LITERAL_NULL_CONVERSION = YES;
				CLANG_WARN_OBJC_IMPLICIT_RETAIN_SELF = YES;
				CLANG_WARN_OBJC_LITERAL_CONVERSION = YES;
				CLANG_WARN_OBJC_ROOT_CLASS = YES_ERROR;
				CLANG_WARN_QUOTED_INCLUDE_IN_FRAMEWORK_HEADER = YES;
				CLANG_WARN_RANGE_LOOP_ANALYSIS = YES;
				CLANG_WARN_STRICT_PROTOTYPES = YES;
				CLANG_WARN_SUSPICIOUS_MOVE = YES;
				CLANG_WARN_UNGUARDED_AVAILABILITY = YES_AGGRESSIVE;
				CLANG_WARN_UNREACHABLE_CODE = YES;
				CLANG_WARN__DUPLICATE_METHOD_MATCH = YES;
				COPY_PHASE_STRIP = NO;
				DEBUG_INFORMATION_FORMAT = "dwarf-with-dsym";
				ENABLE_NS_ASSERTIONS = NO;
				ENABLE_STRICT_OBJC_MSGSEND = YES;
				GCC_C_LANGUAGE_STANDARD = gnu11;
				GCC_NO_COMMON_BLOCKS = YES;
				GCC_WARN_64_TO_32_BIT_CONVERSION = YES;
				GCC_WARN_ABOUT_RETURN_TYPE = YES_ERROR;
				GCC_WARN_UNDECLARED_SELECTOR = YES;
				GCC_WARN_UNINITIALIZED_AUTOS = YES_AGGRESSIVE;
				GCC_WARN_UNUSED_FUNCTION = YES;
				GCC_WARN_UNUSED_VARIABLE = YES;
				IPHONEOS_DEPLOYMENT_TARGET = 18.0;
				MACOSX_DEPLOYMENT_TARGET = 15.0;
				MTL_ENABLE_DEBUG_INFO = NO;
				MTL_FAST_MATH = YES;
				PRODUCT_NAME = "$(TARGET_NAME)";
				SWIFT_COMPILATION_MODE = wholemodule;
				SWIFT_OPTIMIZATION_LEVEL = "-O";
				SWIFT_VERSION = 5.0;
				WATCHOS_DEPLOYMENT_TARGET = 11.0;
			};
			name = Release;
		};
		D0CE975CAAB7D88D61ED938F /* Debug */ = {
			isa = XCBuildConfiguration;
			buildSettings = {
				INFOPLIST_FILE = "Widget Extension/Info.plist";
				LD_RUNPATH_SEARCH_PATHS = (
					"$(inherited)",
					"@executable_path/Frameworks",
					"@executable_path/../../Frameworks",
				);
				PRODUCT_BUNDLE_IDENTIFIER = "app.bitrig.parcelops.widget-extension";
				SDKROOT = iphoneos;
				TARGETED_DEVICE_FAMILY = "1,2";
			};
			name = Debug;
		};
		FC52B070CA0CDB3D6AEDA763 /* Debug */ = {
			isa = XCBuildConfiguration;
			buildSettings = {
				ASSETCATALOG_COMPILER_APPICON_NAME = AppIcon;
				ASSETCATALOG_COMPILER_GLOBAL_ACCENT_COLOR_NAME = AccentColor;
				CODE_SIGN_ENTITLEMENTS = App/App.entitlements;
				CODE_SIGN_IDENTITY = "iPhone Developer";
				INFOPLIST_FILE = App/Info.plist;
				LD_RUNPATH_SEARCH_PATHS = (
					"$(inherited)",
					"@executable_path/Frameworks",
				);
				PRODUCT_BUNDLE_IDENTIFIER = app.bitrig.parcelops;
				SDKROOT = auto;
				SUPPORTED_PLATFORMS = "iphoneos iphonesimulator macosx";
				SUPPORTS_MACCATALYST = NO;
				SUPPORTS_MAC_DESIGNED_FOR_IPHONE_IPAD = NO;
				SUPPORTS_XR_DESIGNED_FOR_IPHONE_IPAD = YES;
				TARGETED_DEVICE_FAMILY = "1,2";
			};
			name = Debug;
		};
/* End XCBuildConfiguration section */

/* Begin XCConfigurationList section */
		AA1890A89201244A41BD5A05 /* Build configuration list for PBXProject "ParcelOps" */ = {
			isa = XCConfigurationList;
			buildConfigurations = (
				212194B14F60CEBA724FD31D /* Debug */,
				8B01807DF480BE4334E97130 /* Release */,
			);
			defaultConfigurationIsVisible = 0;
			defaultConfigurationName = Debug;
		};
		EF07471202C54C2DBCFE2648 /* Build configuration list for PBXNativeTarget "ParcelOps Watch" */ = {
			isa = XCConfigurationList;
			buildConfigurations = (
				81FE028D2DB43A99FEF5195A /* Debug */,
				3C87E5DBC99091CF005E2151 /* Release */,
			);
			defaultConfigurationIsVisible = 0;
			defaultConfigurationName = Debug;
		};
		F2CC2D89B4FB9BB00A090FCE /* Build configuration list for PBXNativeTarget "ParcelOps" */ = {
			isa = XCConfigurationList;
			buildConfigurations = (
				FC52B070CA0CDB3D6AEDA763 /* Debug */,
				0DCB03AC6A041AA63F669BC5 /* Release */,
			);
			defaultConfigurationIsVisible = 0;
			defaultConfigurationName = Debug;
		};
		F9F5672FADB02A24CAB184A8 /* Build configuration list for PBXNativeTarget "ParcelOps Widget Extension" */ = {
			isa = XCConfigurationList;
			buildConfigurations = (
				D0CE975CAAB7D88D61ED938F /* Debug */,
				2C251D558DE3EC309252137C /* Release */,
			);
			defaultConfigurationIsVisible = 0;
			defaultConfigurationName = Debug;
		};
/* End XCConfigurationList section */

/* Begin XCRemoteSwiftPackageReference section */
		A6B5C4D3E2F1012345678903 /* XCRemoteSwiftPackageReference "microsoft-authentication-library-for-objc" */ = {
			isa = XCRemoteSwiftPackageReference;
			repositoryURL = "https://github.com/AzureAD/microsoft-authentication-library-for-objc.git";
			requirement = {
				kind = exactVersion;
				version = 2.12.1;
			};
		};
		B7C8D9E0F1A2012345678903 /* XCRemoteSwiftPackageReference "GoogleSignIn-iOS" */ = {
			isa = XCRemoteSwiftPackageReference;
			repositoryURL = "https://github.com/google/GoogleSignIn-iOS.git";
			requirement = {
				kind = exactVersion;
				version = 9.2.0;
			};
		};
/* End XCRemoteSwiftPackageReference section */

/* Begin XCSwiftPackageProductDependency section */
		A6B5C4D3E2F1012345678904 /* MSAL */ = {
			isa = XCSwiftPackageProductDependency;
			package = A6B5C4D3E2F1012345678903 /* XCRemoteSwiftPackageReference "microsoft-authentication-library-for-objc" */;
			productName = MSAL;
		};
		B7C8D9E0F1A2012345678904 /* GoogleSignIn */ = {
			isa = XCSwiftPackageProductDependency;
			package = B7C8D9E0F1A2012345678903 /* XCRemoteSwiftPackageReference "GoogleSignIn-iOS" */;
			productName = GoogleSignIn;
		};
/* End XCSwiftPackageProductDependency section */
	};
	rootObject = 11D16C109A2962BB5F389326 /* Project object */;
}
